<?xml version="1.0" encoding="utf-8"?>
<Project ToolsVersion="4.0" xmlns="http://schemas.microsoft.com/developer/msbuild/2003">
  <ItemGroup>
    <Filter Include="peheader">
      <UniqueIdentifier>{5c863297-f9cf-4021-8d44-621f939af057}</UniqueIdentifier>
    </Filter>
  </ItemGroup>
  <ItemGroup>
    <Text Include="ReadMe.txt" />
  </ItemGroup>
  <ItemGroup>
    <ClCompile Include="peheader.cpp">
      <Filter>peheader</Filter>
    </ClCompile>
  </ItemGroup>
</Project>