<?xml version="1.0" encoding="utf-8"?>
<Project ToolsVersion="4.0" xmlns="http://schemas.microsoft.com/developer/msbuild/2003">
  <ItemGroup>
    <Filter Include="sfx_extra_data">
      <UniqueIdentifier>{5c863297-f9cf-4021-8d44-621f939af057}</UniqueIdentifier>
    </Filter>
    <Filter Include="measure">
      <UniqueIdentifier>{5f657808-2049-4297-ab78-ccd0c29cbc58}</UniqueIdentifier>
    </Filter>
    <Filter Include="Debug">
      <UniqueIdentifier>{f2d1110a-e4d9-4646-86b3-eef4c7ed72b0}</UniqueIdentifier>
    </Filter>
  </ItemGroup>
  <ItemGroup>
    <Text Include="ReadMe.txt" />
  </ItemGroup>
  <ItemGroup>
    <ClCompile Include="sfx_extra_data.cpp">
      <Filter>sfx_extra_data</Filter>
    </ClCompile>
  </ItemGroup>
  <ItemGroup>
    <ClInclude Include="time_measure.h">
      <Filter>measure</Filter>
    </ClInclude>
    <ClInclude Include="dbg.h">
      <Filter>Debug</Filter>
    </ClInclude>
    <ClInclude Include="sfx_extra_data_header.h">
      <Filter>sfx_extra_data</Filter>
    </ClInclude>
  </ItemGroup>
</Project>